
Microsoft Visual Studio Solution File, Format Version 12.00
# Visual Studio 15
Project("{FAE04EC0-301F-11D3-BF4B-00C04F79EFBC}") = "ArduinoEsploraSerialCommunicationUnity", "Assembly-CSharp.csproj", "{EAE47009-838A-139B-25D0-4B2FE99569F8}"
EndProject
Project("{FAE04EC0-301F-11D3-BF4B-00C04F79EFBC}") = "ArduinoEsploraSerialCommunicationUnity", "Assembly-CSharp-firstpass.csproj", "{A3E91149-DDBB-8BF9-172C-9B53DC719272}"
EndProject
Project("{FAE04EC0-301F-11D3-BF4B-00C04F79EFBC}") = "ArduinoEsploraSerialCommunicationUnity", "Assembly-CSharp-Editor-firstpass.csproj", "{B2938C84-D7BC-AD5D-0538-1969E30C004E}"
EndProject
Global
	GlobalSection(SolutionConfigurationPlatforms) = preSolution
		Debug|Any CPU = Debug|Any CPU
		Release|Any CPU = Release|Any CPU
	EndGlobalSection
	GlobalSection(ProjectConfigurationPlatforms) = postSolution
		{EAE47009-838A-139B-25D0-4B2FE99569F8}.Debug|Any CPU.ActiveCfg = Debug|Any CPU
		{EAE47009-838A-139B-25D0-4B2FE99569F8}.Debug|Any CPU.Build.0 = Debug|Any CPU
		{EAE47009-838A-139B-25D0-4B2FE99569F8}.Release|Any CPU.ActiveCfg = Release|Any CPU
		{EAE47009-838A-139B-25D0-4B2FE99569F8}.Release|Any CPU.Build.0 = Release|Any CPU
		{A3E91149-DDBB-8BF9-172C-9B53DC719272}.Debug|Any CPU.ActiveCfg = Debug|Any CPU
		{A3E91149-DDBB-8BF9-172C-9B53DC719272}.Debug|Any CPU.Build.0 = Debug|Any CPU
		{A3E91149-DDBB-8BF9-172C-9B53DC719272}.Release|Any CPU.ActiveCfg = Release|Any CPU
		{A3E91149-DDBB-8BF9-172C-9B53DC719272}.Release|Any CPU.Build.0 = Release|Any CPU
		{B2938C84-D7BC-AD5D-0538-1969E30C004E}.Debug|Any CPU.ActiveCfg = Debug|Any CPU
		{B2938C84-D7BC-AD5D-0538-1969E30C004E}.Debug|Any CPU.Build.0 = Debug|Any CPU
		{B2938C84-D7BC-AD5D-0538-1969E30C004E}.Release|Any CPU.ActiveCfg = Release|Any CPU
		{B2938C84-D7BC-AD5D-0538-1969E30C004E}.Release|Any CPU.Build.0 = Release|Any CPU
	EndGlobalSection
	GlobalSection(SolutionProperties) = preSolution
		HideSolutionNode = FALSE
	EndGlobalSection
EndGlobal
